// !$*UTF8*$!
{
	archiveVersion = 1;
	classes = {
	};
	objectVersion = 56;
	objects = {

/* Begin PBXBuildFile section */
		E578084E2A4D136B008E52DB /* CabotWebApp.swift in Sources */ = {isa = PBXBuildFile; fileRef = E578084D2A4D136B008E52DB /* CabotWebApp.swift */; };
		E57808502A4D136B008E52DB /* ContentView.swift in Sources */ = {isa = PBXBuildFile; fileRef = E578084F2A4D136B008E52DB /* ContentView.swift */; };
		E57808522A4D136C008E52DB /* Assets.xcassets in Resources */ = {isa = PBXBuildFile; fileRef = E57808512A4D136C008E52DB /* Assets.xcassets */; };
		E57808552A4D136C008E52DB /* Preview Assets.xcassets in Resources */ = {isa = PBXBuildFile; fileRef = E57808542A4D136C008E52DB /* Preview Assets.xcassets */; };
		E578085F2A4D136C008E52DB /* Cabot_web_appTests.swift in Sources */ = {isa = PBXBuildFile; fileRef = E578085E2A4D136C008E52DB /* Cabot_web_appTests.swift */; };
		E57808692A4D136C008E52DB /* Cabot_web_appUITests.swift in Sources */ = {isa = PBXBuildFile; fileRef = E57808682A4D136C008E52DB /* Cabot_web_appUITests.swift */; };
		E578086B2A4D136C008E52DB /* Cabot_web_appUITestsLaunchTests.swift in Sources */ = {isa = PBXBuildFile; fileRef = E578086A2A4D136C008E52DB /* Cabot_web_appUITestsLaunchTests.swift */; };
		E57808782A4D23CB008E52DB /* LocalWebView.swift in Sources */ = {isa = PBXBuildFile; fileRef = E57808772A4D23CB008E52DB /* LocalWebView.swift */; };
		E5F1C2442A5BFE4A00517626 /* Resource in Resources */ = {isa = PBXBuildFile; fileRef = E5F1C2432A5BFE4A00517626 /* Resource */; };
/* End PBXBuildFile section */

/* Begin PBXContainerItemProxy section */
		E578085B2A4D136C008E52DB /* PBXContainerItemProxy */ = {
			isa = PBXContainerItemProxy;
			containerPortal = E57808422A4D136B008E52DB /* Project object */;
			proxyType = 1;
			remoteGlobalIDString = E57808492A4D136B008E52DB;
			remoteInfo = "Cabot-web-app";
		};
		E57808652A4D136C008E52DB /* PBXContainerItemProxy */ = {
			isa = PBXContainerItemProxy;
			containerPortal = E57808422A4D136B008E52DB /* Project object */;
			proxyType = 1;
			remoteGlobalIDString = E57808492A4D136B008E52DB;
			remoteInfo = "Cabot-web-app";
		};
/* End PBXContainerItemProxy section */

/* Begin PBXFileReference section */
		E578084A2A4D136B008E52DB /* Cabot-web-app.app */ = {isa = PBXFileReference; explicitFileType = wrapper.application; includeInIndex = 0; path = "Cabot-web-app.app"; sourceTree = BUILT_PRODUCTS_DIR; };
		E578084D2A4D136B008E52DB /* CabotWebApp.swift */ = {isa = PBXFileReference; lastKnownFileType = sourcecode.swift; path = CabotWebApp.swift; sourceTree = "<group>"; };
		E578084F2A4D136B008E52DB /* ContentView.swift */ = {isa = PBXFileReference; lastKnownFileType = sourcecode.swift; path = ContentView.swift; sourceTree = "<group>"; };
		E57808512A4D136C008E52DB /* Assets.xcassets */ = {isa = PBXFileReference; lastKnownFileType = folder.assetcatalog; path = Assets.xcassets; sourceTree = "<group>"; };
		E57808542A4D136C008E52DB /* Preview Assets.xcassets */ = {isa = PBXFileReference; lastKnownFileType = folder.assetcatalog; path = "Preview Assets.xcassets"; sourceTree = "<group>"; };
		E578085A2A4D136C008E52DB /* Cabot-web-appTests.xctest */ = {isa = PBXFileReference; explicitFileType = wrapper.cfbundle; includeInIndex = 0; path = "Cabot-web-appTests.xctest"; sourceTree = BUILT_PRODUCTS_DIR; };
		E578085E2A4D136C008E52DB /* Cabot_web_appTests.swift */ = {isa = PBXFileReference; lastKnownFileType = sourcecode.swift; path = Cabot_web_appTests.swift; sourceTree = "<group>"; };
		E57808642A4D136C008E52DB /* Cabot-web-appUITests.xctest */ = {isa = PBXFileReference; explicitFileType = wrapper.cfbundle; includeInIndex = 0; path = "Cabot-web-appUITests.xctest"; sourceTree = BUILT_PRODUCTS_DIR; };
		E57808682A4D136C008E52DB /* Cabot_web_appUITests.swift */ = {isa = PBXFileReference; lastKnownFileType = sourcecode.swift; path = Cabot_web_appUITests.swift; sourceTree = "<group>"; };
		E578086A2A4D136C008E52DB /* Cabot_web_appUITestsLaunchTests.swift */ = {isa = PBXFileReference; lastKnownFileType = sourcecode.swift; path = Cabot_web_appUITestsLaunchTests.swift; sourceTree = "<group>"; };
		E57808772A4D23CB008E52DB /* LocalWebView.swift */ = {isa = PBXFileReference; lastKnownFileType = sourcecode.swift; path = LocalWebView.swift; sourceTree = "<group>"; };
		E5F1C2432A5BFE4A00517626 /* Resource */ = {isa = PBXFileReference; lastKnownFileType = folder; path = Resource; sourceTree = "<group>"; };
/* End PBXFileReference section */

/* Begin PBXFrameworksBuildPhase section */
		E57808472A4D136B008E52DB /* Frameworks */ = {
			isa = PBXFrameworksBuildPhase;
			buildActionMask = 2147483647;
			files = (
			);
			runOnlyForDeploymentPostprocessing = 0;
		};
		E57808572A4D136C008E52DB /* Frameworks */ = {
			isa = PBXFrameworksBuildPhase;
			buildActionMask = 2147483647;
			files = (
			);
			runOnlyForDeploymentPostprocessing = 0;
		};
		E57808612A4D136C008E52DB /* Frameworks */ = {
			isa = PBXFrameworksBuildPhase;
			buildActionMask = 2147483647;
			files = (
			);
			runOnlyForDeploymentPostprocessing = 0;
		};
/* End PBXFrameworksBuildPhase section */

/* Begin PBXGroup section */
		E57808412A4D136B008E52DB = {
			isa = PBXGroup;
			children = (
				E578084C2A4D136B008E52DB /* Cabot-web-app */,
				E578085D2A4D136C008E52DB /* Cabot-web-appTests */,
				E57808672A4D136C008E52DB /* Cabot-web-appUITests */,
				E578084B2A4D136B008E52DB /* Products */,
			);
			sourceTree = "<group>";
		};
		E578084B2A4D136B008E52DB /* Products */ = {
			isa = PBXGroup;
			children = (
				E578084A2A4D136B008E52DB /* Cabot-web-app.app */,
				E578085A2A4D136C008E52DB /* Cabot-web-appTests.xctest */,
				E57808642A4D136C008E52DB /* Cabot-web-appUITests.xctest */,
			);
			name = Products;
			sourceTree = "<group>";
		};
		E578084C2A4D136B008E52DB /* Cabot-web-app */ = {
			isa = PBXGroup;
			children = (
				E578084D2A4D136B008E52DB /* CabotWebApp.swift */,
				E578084F2A4D136B008E52DB /* ContentView.swift */,
				E57808772A4D23CB008E52DB /* LocalWebView.swift */,
				E57808512A4D136C008E52DB /* Assets.xcassets */,
				E5F1C2432A5BFE4A00517626 /* Resource */,
				E57808532A4D136C008E52DB /* Preview Content */,
			);
			path = "Cabot-web-app";
			sourceTree = "<group>";
		};
		E57808532A4D136C008E52DB /* Preview Content */ = {
			isa = PBXGroup;
			children = (
				E57808542A4D136C008E52DB /* Preview Assets.xcassets */,
			);
			path = "Preview Content";
			sourceTree = "<group>";
		};
		E578085D2A4D136C008E52DB /* Cabot-web-appTests */ = {
			isa = PBXGroup;
			children = (
				E578085E2A4D136C008E52DB /* Cabot_web_appTests.swift */,
			);
			path = "Cabot-web-appTests";
			sourceTree = "<group>";
		};
		E57808672A4D136C008E52DB /* Cabot-web-appUITests */ = {
			isa = PBXGroup;
			children = (
				E57808682A4D136C008E52DB /* Cabot_web_appUITests.swift */,
				E578086A2A4D136C008E52DB /* Cabot_web_appUITestsLaunchTests.swift */,
			);
			path = "Cabot-web-appUITests";
			sourceTree = "<group>";
		};
/* End PBXGroup section */

/* Begin PBXNativeTarget section */
		E57808492A4D136B008E52DB /* Cabot-web-app */ = {
			isa = PBXNativeTarget;
			buildConfigurationList = E578086E2A4D136C008E52DB /* Build configuration list for PBXNativeTarget "Cabot-web-app" */;
			buildPhases = (
				E57808462A4D136B008E52DB /* Sources */,
				E57808472A4D136B008E52DB /* Frameworks */,
				E57808482A4D136B008E52DB /* Resources */,
			);
			buildRules = (
			);
			dependencies = (
			);
			name = "Cabot-web-app";
			productName = "Cabot-web-app";
			productReference = E578084A2A4D136B008E52DB /* Cabot-web-app.app */;
			productType = "com.apple.product-type.application";
		};
		E57808592A4D136C008E52DB /* Cabot-web-appTests */ = {
			isa = PBXNativeTarget;
			buildConfigurationList = E57808712A4D136C008E52DB /* Build configuration list for PBXNativeTarget "Cabot-web-appTests" */;
			buildPhases = (
				E57808562A4D136C008E52DB /* Sources */,
				E57808572A4D136C008E52DB /* Frameworks */,
				E57808582A4D136C008E52DB /* Resources */,
			);
			buildRules = (
			);
			dependencies = (
				E578085C2A4D136C008E52DB /* PBXTargetDependency */,
			);
			name = "Cabot-web-appTests";
			productName = "Cabot-web-appTests";
			productReference = E578085A2A4D136C008E52DB /* Cabot-web-appTests.xctest */;
			productType = "com.apple.product-type.bundle.unit-test";
		};
		E57808632A4D136C008E52DB /* Cabot-web-appUITests */ = {
			isa = PBXNativeTarget;
			buildConfigurationList = E57808742A4D136C008E52DB /* Build configuration list for PBXNativeTarget "Cabot-web-appUITests" */;
			buildPhases = (
				E57808602A4D136C008E52DB /* Sources */,
				E57808612A4D136C008E52DB /* Frameworks */,
				E57808622A4D136C008E52DB /* Resources */,
			);
			buildRules = (
			);
			dependencies = (
				E57808662A4D136C008E52DB /* PBXTargetDependency */,
			);
			name = "Cabot-web-appUITests";
			productName = "Cabot-web-appUITests";
			productReference = E57808642A4D136C008E52DB /* Cabot-web-appUITests.xctest */;
			productType = "com.apple.product-type.bundle.ui-testing";
		};
/* End PBXNativeTarget section */

/* Begin PBXProject section */
		E57808422A4D136B008E52DB /* Project object */ = {
			isa = PBXProject;
			attributes = {
				BuildIndependentTargetsInParallel = 1;
				LastSwiftUpdateCheck = 1420;
				LastUpgradeCheck = 1420;
				TargetAttributes = {
					E57808492A4D136B008E52DB = {
						CreatedOnToolsVersion = 14.2;
					};
					E57808592A4D136C008E52DB = {
						CreatedOnToolsVersion = 14.2;
						TestTargetID = E57808492A4D136B008E52DB;
					};
					E57808632A4D136C008E52DB = {
						CreatedOnToolsVersion = 14.2;
						TestTargetID = E57808492A4D136B008E52DB;
					};
				};
			};
			buildConfigurationList = E57808452A4D136B008E52DB /* Build configuration list for PBXProject "Cabot-web-app" */;
			compatibilityVersion = "Xcode 14.0";
			developmentRegion = en;
			hasScannedForEncodings = 0;
			knownRegions = (
				en,
				Base,
			);
			mainGroup = E57808412A4D136B008E52DB;
			productRefGroup = E578084B2A4D136B008E52DB /* Products */;
			projectDirPath = "";
			projectRoot = "";
			targets = (
				E57808492A4D136B008E52DB /* Cabot-web-app */,
				E57808592A4D136C008E52DB /* Cabot-web-appTests */,
				E57808632A4D136C008E52DB /* Cabot-web-appUITests */,
			);
		};
/* End PBXProject section */

/* Begin PBXResourcesBuildPhase section */
		E57808482A4D136B008E52DB /* Resources */ = {
			isa = PBXResourcesBuildPhase;
			buildActionMask = 2147483647;
			files = (
				E5F1C2442A5BFE4A00517626 /* Resource in Resources */,
				E57808552A4D136C008E52DB /* Preview Assets.xcassets in Resources */,
				E57808522A4D136C008E52DB /* Assets.xcassets in Resources */,
			);
			runOnlyForDeploymentPostprocessing = 0;
		};
		E57808582A4D136C008E52DB /* Resources */ = {
			isa = PBXResourcesBuildPhase;
			buildActionMask = 2147483647;
			files = (
			);
			runOnlyForDeploymentPostprocessing = 0;
		};
		E57808622A4D136C008E52DB /* Resources */ = {
			isa = PBXResourcesBuildPhase;
			buildActionMask = 2147483647;
			files = (
			);
			runOnlyForDeploymentPostprocessing = 0;
		};
/* End PBXResourcesBuildPhase section */

/* Begin PBXSourcesBuildPhase section */
		E57808462A4D136B008E52DB /* Sources */ = {
			isa = PBXSourcesBuildPhase;
			buildActionMask = 2147483647;
			files = (
				E57808782A4D23CB008E52DB /* LocalWebView.swift in Sources */,
				E57808502A4D136B008E52DB /* ContentView.swift in Sources */,
				E578084E2A4D136B008E52DB /* CabotWebApp.swift in Sources */,
			);
			runOnlyForDeploymentPostprocessing = 0;
		};
		E57808562A4D136C008E52DB /* Sources */ = {
			isa = PBXSourcesBuildPhase;
			buildActionMask = 2147483647;
			files = (
				E578085F2A4D136C008E52DB /* Cabot_web_appTests.swift in Sources */,
			);
			runOnlyForDeploymentPostprocessing = 0;
		};
		E57808602A4D136C008E52DB /* Sources */ = {
			isa = PBXSourcesBuildPhase;
			buildActionMask = 2147483647;
			files = (
				E57808692A4D136C008E52DB /* Cabot_web_appUITests.swift in Sources */,
				E578086B2A4D136C008E52DB /* Cabot_web_appUITestsLaunchTests.swift in Sources */,
			);
			runOnlyForDeploymentPostprocessing = 0;
		};
/* End PBXSourcesBuildPhase section */

/* Begin PBXTargetDependency section */
		E578085C2A4D136C008E52DB /* PBXTargetDependency */ = {
			isa = PBXTargetDependency;
			target = E57808492A4D136B008E52DB /* Cabot-web-app */;
			targetProxy = E578085B2A4D136C008E52DB /* PBXContainerItemProxy */;
		};
		E57808662A4D136C008E52DB /* PBXTargetDependency */ = {
			isa = PBXTargetDependency;
			target = E57808492A4D136B008E52DB /* Cabot-web-app */;
			targetProxy = E57808652A4D136C008E52DB /* PBXContainerItemProxy */;
		};
/* End PBXTargetDependency section */

/* Begin XCBuildConfiguration section */
		E578086C2A4D136C008E52DB /* Debug */ = {
			isa = XCBuildConfiguration;
			buildSettings = {
				ALWAYS_SEARCH_USER_PATHS = NO;
				CLANG_ANALYZER_NONNULL = YES;
				CLANG_ANALYZER_NUMBER_OBJECT_CONVERSION = YES_AGGRESSIVE;
				CLANG_CXX_LANGUAGE_STANDARD = "gnu++20";
				CLANG_ENABLE_MODULES = YES;
				CLANG_ENABLE_OBJC_ARC = YES;
				CLANG_ENABLE_OBJC_WEAK = YES;
				CLANG_WARN_BLOCK_CAPTURE_AUTORELEASING = YES;
				CLANG_WARN_BOOL_CONVERSION = YES;
				CLANG_WARN_COMMA = YES;
				CLANG_WARN_CONSTANT_CONVERSION = YES;
				CLANG_WARN_DEPRECATED_OBJC_IMPLEMENTATIONS = YES;
				CLANG_WARN_DIRECT_OBJC_ISA_USAGE = YES_ERROR;
				CLANG_WARN_DOCUMENTATION_COMMENTS = YES;
				CLANG_WARN_EMPTY_BODY = YES;
				CLANG_WARN_ENUM_CONVERSION = YES;
				CLANG_WARN_INFINITE_RECURSION = YES;
				CLANG_WARN_INT_CONVERSION = YES;
				CLANG_WARN_NON_LITERAL_NULL_CONVERSION = YES;
				CLANG_WARN_OBJC_IMPLICIT_RETAIN_SELF = YES;
				CLANG_WARN_OBJC_LITERAL_CONVERSION = YES;
				CLANG_WARN_OBJC_ROOT_CLASS = YES_ERROR;
				CLANG_WARN_QUOTED_INCLUDE_IN_FRAMEWORK_HEADER = YES;
				CLANG_WARN_RANGE_LOOP_ANALYSIS = YES;
				CLANG_WARN_STRICT_PROTOTYPES = YES;
				CLANG_WARN_SUSPICIOUS_MOVE = YES;
				CLANG_WARN_UNGUARDED_AVAILABILITY = YES_AGGRESSIVE;
				CLANG_WARN_UNREACHABLE_CODE = YES;
				CLANG_WARN__DUPLICATE_METHOD_MATCH = YES;
				COPY_PHASE_STRIP = NO;
				DEBUG_INFORMATION_FORMAT = dwarf;
				ENABLE_STRICT_OBJC_MSGSEND = YES;
				ENABLE_TESTABILITY = YES;
				GCC_C_LANGUAGE_STANDARD = gnu11;
				GCC_DYNAMIC_NO_PIC = NO;
				GCC_NO_COMMON_BLOCKS = YES;
				GCC_OPTIMIZATION_LEVEL = 0;
				GCC_PREPROCESSOR_DEFINITIONS = (
					"DEBUG=1",
					"$(inherited)",
				);
				GCC_WARN_64_TO_32_BIT_CONVERSION = YES;
				GCC_WARN_ABOUT_RETURN_TYPE = YES_ERROR;
				GCC_WARN_UNDECLARED_SELECTOR = YES;
				GCC_WARN_UNINITIALIZED_AUTOS = YES_AGGRESSIVE;
				GCC_WARN_UNUSED_FUNCTION = YES;
				GCC_WARN_UNUSED_VARIABLE = YES;
				IPHONEOS_DEPLOYMENT_TARGET = 16.2;
				MTL_ENABLE_DEBUG_INFO = INCLUDE_SOURCE;
				MTL_FAST_MATH = YES;
				ONLY_ACTIVE_ARCH = YES;
				SDKROOT = iphoneos;
				SWIFT_ACTIVE_COMPILATION_CONDITIONS = DEBUG;
				SWIFT_OPTIMIZATION_LEVEL = "-Onone";
			};
			name = Debug;
		};
		E578086D2A4D136C008E52DB /* Release */ = {
			isa = XCBuildConfiguration;
			buildSettings = {
				ALWAYS_SEARCH_USER_PATHS = NO;
				CLANG_ANALYZER_NONNULL = YES;
				CLANG_ANALYZER_NUMBER_OBJECT_CONVERSION = YES_AGGRESSIVE;
				CLANG_CXX_LANGUAGE_STANDARD = "gnu++20";
				CLANG_ENABLE_MODULES = YES;
				CLANG_ENABLE_OBJC_ARC = YES;
				CLANG_ENABLE_OBJC_WEAK = YES;
				CLANG_WARN_BLOCK_CAPTURE_AUTORELEASING = YES;
				CLANG_WARN_BOOL_CONVERSION = YES;
				CLANG_WARN_COMMA = YES;
				CLANG_WARN_CONSTANT_CONVERSION = YES;
				CLANG_WARN_DEPRECATED_OBJC_IMPLEMENTATIONS = YES;
				CLANG_WARN_DIRECT_OBJC_ISA_USAGE = YES_ERROR;
				CLANG_WARN_DOCUMENTATION_COMMENTS = YES;
				CLANG_WARN_EMPTY_BODY = YES;
				CLANG_WARN_ENUM_CONVERSION = YES;
				CLANG_WARN_INFINITE_RECURSION = YES;
				CLANG_WARN_INT_CONVERSION = YES;
				CLANG_WARN_NON_LITERAL_NULL_CONVERSION = YES;
				CLANG_WARN_OBJC_IMPLICIT_RETAIN_SELF = YES;
				CLANG_WARN_OBJC_LITERAL_CONVERSION = YES;
				CLANG_WARN_OBJC_ROOT_CLASS = YES_ERROR;
				CLANG_WARN_QUOTED_INCLUDE_IN_FRAMEWORK_HEADER = YES;
				CLANG_WARN_RANGE_LOOP_ANALYSIS = YES;
				CLANG_WARN_STRICT_PROTOTYPES = YES;
				CLANG_WARN_SUSPICIOUS_MOVE = YES;
				CLANG_WARN_UNGUARDED_AVAILABILITY = YES_AGGRESSIVE;
				CLANG_WARN_UNREACHABLE_CODE = YES;
				CLANG_WARN__DUPLICATE_METHOD_MATCH = YES;
				COPY_PHASE_STRIP = NO;
				DEBUG_INFORMATION_FORMAT = "dwarf-with-dsym";
				ENABLE_NS_ASSERTIONS = NO;
				ENABLE_STRICT_OBJC_MSGSEND = YES;
				GCC_C_LANGUAGE_STANDARD = gnu11;
				GCC_NO_COMMON_BLOCKS = YES;
				GCC_WARN_64_TO_32_BIT_CONVERSION = YES;
				GCC_WARN_ABOUT_RETURN_TYPE = YES_ERROR;
				GCC_WARN_UNDECLARED_SELECTOR = YES;
				GCC_WARN_UNINITIALIZED_AUTOS = YES_AGGRESSIVE;
				GCC_WARN_UNUSED_FUNCTION = YES;
				GCC_WARN_UNUSED_VARIABLE = YES;
				IPHONEOS_DEPLOYMENT_TARGET = 16.2;
				MTL_ENABLE_DEBUG_INFO = NO;
				MTL_FAST_MATH = YES;
				SDKROOT = iphoneos;
				SWIFT_COMPILATION_MODE = wholemodule;
				SWIFT_OPTIMIZATION_LEVEL = "-O";
				VALIDATE_PRODUCT = YES;
			};
			name = Release;
		};
		E578086F2A4D136C008E52DB /* Debug */ = {
			isa = XCBuildConfiguration;
			buildSettings = {
				ASSETCATALOG_COMPILER_APPICON_NAME = AppIcon;
				ASSETCATALOG_COMPILER_GLOBAL_ACCENT_COLOR_NAME = AccentColor;
				CODE_SIGN_STYLE = Automatic;
				CURRENT_PROJECT_VERSION = 1;
				DEVELOPMENT_ASSET_PATHS = "\"Cabot-web-app/Preview Content\"";
				ENABLE_PREVIEWS = YES;
				GENERATE_INFOPLIST_FILE = YES;
				INFOPLIST_KEY_CFBundleDisplayName = "Ros Map";
				INFOPLIST_KEY_UIApplicationSceneManifest_Generation = YES;
				INFOPLIST_KEY_UIApplicationSupportsIndirectInputEvents = YES;
				INFOPLIST_KEY_UILaunchScreen_Generation = YES;
				INFOPLIST_KEY_UISupportedInterfaceOrientations = "UIInterfaceOrientationLandscapeLeft UIInterfaceOrientationLandscapeRight UIInterfaceOrientationPortrait UIInterfaceOrientationPortraitUpsideDown";
				IPHONEOS_DEPLOYMENT_TARGET = 15.0;
				LD_RUNPATH_SEARCH_PATHS = (
					"$(inherited)",
					"@executable_path/Frameworks",
				);
				MARKETING_VERSION = 1.0;
				PRODUCT_BUNDLE_IDENTIFIER = "CMU.Info.CaBot.Cabot-web-app";
				PRODUCT_NAME = "$(TARGET_NAME)";
				SWIFT_EMIT_LOC_STRINGS = YES;
				SWIFT_VERSION = 5.0;
				TARGETED_DEVICE_FAMILY = "1,2";
			};
			name = Debug;
		};
		E57808702A4D136C008E52DB /* Release */ = {
			isa = XCBuildConfiguration;
			buildSettings = {
				ASSETCATALOG_COMPILER_APPICON_NAME = AppIcon;
				ASSETCATALOG_COMPILER_GLOBAL_ACCENT_COLOR_NAME = AccentColor;
				CODE_SIGN_STYLE = Automatic;
				CURRENT_PROJECT_VERSION = 1;
				DEVELOPMENT_ASSET_PATHS = "\"Cabot-web-app/Preview Content\"";
				ENABLE_PREVIEWS = YES;
				GENERATE_INFOPLIST_FILE = YES;
				INFOPLIST_KEY_CFBundleDisplayName = "Ros Map";
				INFOPLIST_KEY_UIApplicationSceneManifest_Generation = YES;
				INFOPLIST_KEY_UIApplicationSupportsIndirectInputEvents = YES;
				INFOPLIST_KEY_UILaunchScreen_Generation = YES;
				INFOPLIST_KEY_UISupportedInterfaceOrientations = "UIInterfaceOrientationLandscapeLeft UIInterfaceOrientationLandscapeRight UIInterfaceOrientationPortrait UIInterfaceOrientationPortraitUpsideDown";
				IPHONEOS_DEPLOYMENT_TARGET = 15.0;
				LD_RUNPATH_SEARCH_PATHS = (
					"$(inherited)",
					"@executable_path/Frameworks",
				);
				MARKETING_VERSION = 1.0;
				PRODUCT_BUNDLE_IDENTIFIER = "CMU.Info.CaBot.Cabot-web-app";
				PRODUCT_NAME = "$(TARGET_NAME)";
				SWIFT_EMIT_LOC_STRINGS = YES;
				SWIFT_VERSION = 5.0;
				TARGETED_DEVICE_FAMILY = "1,2";
			};
			name = Release;
		};
		E57808722A4D136C008E52DB /* Debug */ = {
			isa = XCBuildConfiguration;
			buildSettings = {
				ALWAYS_EMBED_SWIFT_STANDARD_LIBRARIES = YES;
				BUNDLE_LOADER = "$(TEST_HOST)";
				CODE_SIGN_STYLE = Automatic;
				CURRENT_PROJECT_VERSION = 1;
				GENERATE_INFOPLIST_FILE = YES;
				IPHONEOS_DEPLOYMENT_TARGET = 16.2;
				MARKETING_VERSION = 1.0;
				PRODUCT_BUNDLE_IDENTIFIER = "CMU.Info.CaBot.Cabot-web-appTests";
				PRODUCT_NAME = "$(TARGET_NAME)";
				SWIFT_EMIT_LOC_STRINGS = NO;
				SWIFT_VERSION = 5.0;
				TARGETED_DEVICE_FAMILY = "1,2";
				TEST_HOST = "$(BUILT_PRODUCTS_DIR)/Cabot-web-app.app/$(BUNDLE_EXECUTABLE_FOLDER_PATH)/Cabot-web-app";
			};
			name = Debug;
		};
		E57808732A4D136C008E52DB /* Release */ = {
			isa = XCBuildConfiguration;
			buildSettings = {
				ALWAYS_EMBED_SWIFT_STANDARD_LIBRARIES = YES;
				BUNDLE_LOADER = "$(TEST_HOST)";
				CODE_SIGN_STYLE = Automatic;
				CURRENT_PROJECT_VERSION = 1;
				GENERATE_INFOPLIST_FILE = YES;
				IPHONEOS_DEPLOYMENT_TARGET = 16.2;
				MARKETING_VERSION = 1.0;
				PRODUCT_BUNDLE_IDENTIFIER = "CMU.Info.CaBot.Cabot-web-appTests";
				PRODUCT_NAME = "$(TARGET_NAME)";
				SWIFT_EMIT_LOC_STRINGS = NO;
				SWIFT_VERSION = 5.0;
				TARGETED_DEVICE_FAMILY = "1,2";
				TEST_HOST = "$(BUILT_PRODUCTS_DIR)/Cabot-web-app.app/$(BUNDLE_EXECUTABLE_FOLDER_PATH)/Cabot-web-app";
			};
			name = Release;
		};
		E57808752A4D136C008E52DB /* Debug */ = {
			isa = XCBuildConfiguration;
			buildSettings = {
				ALWAYS_EMBED_SWIFT_STANDARD_LIBRARIES = YES;
				CODE_SIGN_STYLE = Automatic;
				CURRENT_PROJECT_VERSION = 1;
				GENERATE_INFOPLIST_FILE = YES;
				MARKETING_VERSION = 1.0;
				PRODUCT_BUNDLE_IDENTIFIER = "CMU.Info.CaBot.Cabot-web-appUITests";
				PRODUCT_NAME = "$(TARGET_NAME)";
				SWIFT_EMIT_LOC_STRINGS = NO;
				SWIFT_VERSION = 5.0;
				TARGETED_DEVICE_FAMILY = "1,2";
				TEST_TARGET_NAME = "Cabot-web-app";
			};
			name = Debug;
		};
		E57808762A4D136C008E52DB /* Release */ = {
			isa = XCBuildConfiguration;
			buildSettings = {
				ALWAYS_EMBED_SWIFT_STANDARD_LIBRARIES = YES;
				CODE_SIGN_STYLE = Automatic;
				CURRENT_PROJECT_VERSION = 1;
				GENERATE_INFOPLIST_FILE = YES;
				MARKETING_VERSION = 1.0;
				PRODUCT_BUNDLE_IDENTIFIER = "CMU.Info.CaBot.Cabot-web-appUITests";
				PRODUCT_NAME = "$(TARGET_NAME)";
				SWIFT_EMIT_LOC_STRINGS = NO;
				SWIFT_VERSION = 5.0;
				TARGETED_DEVICE_FAMILY = "1,2";
				TEST_TARGET_NAME = "Cabot-web-app";
			};
			name = Release;
		};
/* End XCBuildConfiguration section */

/* Begin XCConfigurationList section */
		E57808452A4D136B008E52DB /* Build configuration list for PBXProject "Cabot-web-app" */ = {
			isa = XCConfigurationList;
			buildConfigurations = (
				E578086C2A4D136C008E52DB /* Debug */,
				E578086D2A4D136C008E52DB /* Release */,
			);
			defaultConfigurationIsVisible = 0;
			defaultConfigurationName = Release;
		};
		E578086E2A4D136C008E52DB /* Build configuration list for PBXNativeTarget "Cabot-web-app" */ = {
			isa = XCConfigurationList;
			buildConfigurations = (
				E578086F2A4D136C008E52DB /* Debug */,
				E57808702A4D136C008E52DB /* Release */,
			);
			defaultConfigurationIsVisible = 0;
			defaultConfigurationName = Release;
		};
		E57808712A4D136C008E52DB /* Build configuration list for PBXNativeTarget "Cabot-web-appTests" */ = {
			isa = XCConfigurationList;
			buildConfigurations = (
				E57808722A4D136C008E52DB /* Debug */,
				E57808732A4D136C008E52DB /* Release */,
			);
			defaultConfigurationIsVisible = 0;
			defaultConfigurationName = Release;
		};
		E57808742A4D136C008E52DB /* Build configuration list for PBXNativeTarget "Cabot-web-appUITests" */ = {
			isa = XCConfigurationList;
			buildConfigurations = (
				E57808752A4D136C008E52DB /* Debug */,
				E57808762A4D136C008E52DB /* Release */,
			);
			defaultConfigurationIsVisible = 0;
			defaultConfigurationName = Release;
		};
/* End XCConfigurationList section */
	};
	rootObject = E57808422A4D136B008E52DB /* Project object */;
}
